
Microsoft Visual Studio Solution File, Format Version 12.00
# Visual Studio Version 17
VisualStudioVersion = 17.8.34330.188
MinimumVisualStudioVersion = 10.0.40219.1
Project("{9A19103F-16F7-4668-BE54-9A1E7A4F7556}") = "RecordVault", "RecordVault\RecordVault.csproj", "{63D1242D-C6D0-42E2-89BF-9AEC792DD0EC}"
EndProject
Project("{9A19103F-16F7-4668-BE54-9A1E7A4F7556}") = "CDMUtil", "CDMUtil\CDMUtil.csproj", "{C4476591-CC3A-4B93-A9D9-359D39B27B70}"
EndProject
Global
	GlobalSection(SolutionConfigurationPlatforms) = preSolution
		Debug|Any CPU = Debug|Any CPU
		Dev|Any CPU = Dev|Any CPU
		Release|Any CPU = Release|Any CPU
	EndGlobalSection
	GlobalSection(ProjectConfigurationPlatforms) = postSolution
		{63D1242D-C6D0-42E2-89BF-9AEC792DD0EC}.Debug|Any CPU.ActiveCfg = Debug|Any CPU
		{63D1242D-C6D0-42E2-89BF-9AEC792DD0EC}.Debug|Any CPU.Build.0 = Debug|Any CPU
		{63D1242D-C6D0-42E2-89BF-9AEC792DD0EC}.Dev|Any CPU.ActiveCfg = Debug|Any CPU
		{63D1242D-C6D0-42E2-89BF-9AEC792DD0EC}.Dev|Any CPU.Build.0 = Debug|Any CPU
		{63D1242D-C6D0-42E2-89BF-9AEC792DD0EC}.Release|Any CPU.ActiveCfg = Release|Any CPU
		{63D1242D-C6D0-42E2-89BF-9AEC792DD0EC}.Release|Any CPU.Build.0 = Release|Any CPU
		{C4476591-CC3A-4B93-A9D9-359D39B27B70}.Debug|Any CPU.ActiveCfg = Debug|Any CPU
		{C4476591-CC3A-4B93-A9D9-359D39B27B70}.Debug|Any CPU.Build.0 = Debug|Any CPU
		{C4476591-CC3A-4B93-A9D9-359D39B27B70}.Dev|Any CPU.ActiveCfg = Dev|Any CPU
		{C4476591-CC3A-4B93-A9D9-359D39B27B70}.Dev|Any CPU.Build.0 = Dev|Any CPU
		{C4476591-CC3A-4B93-A9D9-359D39B27B70}.Release|Any CPU.ActiveCfg = Release|Any CPU
		{C4476591-CC3A-4B93-A9D9-359D39B27B70}.Release|Any CPU.Build.0 = Release|Any CPU
	EndGlobalSection
	GlobalSection(SolutionProperties) = preSolution
		HideSolutionNode = FALSE
	EndGlobalSection
	GlobalSection(ExtensibilityGlobals) = postSolution
		SolutionGuid = {21D428EE-C724-4A9A-8A98-45E6077B60DB}
	EndGlobalSection
EndGlobal
